
Microsoft Visual Studio Solution File, Format Version 12.00
# Visual Studio Version 17
VisualStudioVersion = 17.3.32819.101
MinimumVisualStudioVersion = 10.0.40219.1
Project("{FAE04EC0-301F-11D3-BF4B-00C04F79EFBC}") = "5", "5\5.csproj", "{B2BCF506-70D4-4627-9A23-B423B85C9241}"
EndProject
Global
	GlobalSection(SolutionConfigurationPlatforms) = preSolution
		Debug|Any CPU = Debug|Any CPU
		Release|Any CPU = Release|Any CPU
	EndGlobalSection
	GlobalSection(ProjectConfigurationPlatforms) = postSolution
		{B2BCF506-70D4-4627-9A23-B423B85C9241}.Debug|Any CPU.ActiveCfg = Debug|Any CPU
		{B2BCF506-70D4-4627-9A23-B423B85C9241}.Debug|Any CPU.Build.0 = Debug|Any CPU
		{B2BCF506-70D4-4627-9A23-B423B85C9241}.Release|Any CPU.ActiveCfg = Release|Any CPU
		{B2BCF506-70D4-4627-9A23-B423B85C9241}.Release|Any CPU.Build.0 = Release|Any CPU
	EndGlobalSection
	GlobalSection(SolutionProperties) = preSolution
		HideSolutionNode = FALSE
	EndGlobalSection
	GlobalSection(ExtensibilityGlobals) = postSolution
		SolutionGuid = {AB1497D1-E5FA-4231-A14B-88B6BC125D71}
	EndGlobalSection
EndGlobal
